
Microsoft Visual Studio Solution File, Format Version 12.00
# Visual Studio Version 17
VisualStudioVersion = 17.1.32210.238
MinimumVisualStudioVersion = 10.0.40219.1
Project("{FAE04EC0-301F-11D3-BF4B-00C04F79EFBC}") = "UsingGenerics", "UsingGenerics\UsingGenerics.csproj", "{42E5596A-68B3-4739-890B-ECD2956709DA}"
EndProject
Global
	GlobalSection(SolutionConfigurationPlatforms) = preSolution
		Debug|Any CPU = Debug|Any CPU
		Release|Any CPU = Release|Any CPU
	EndGlobalSection
	GlobalSection(ProjectConfigurationPlatforms) = postSolution
		{42E5596A-68B3-4739-890B-ECD2956709DA}.Debug|Any CPU.ActiveCfg = Debug|Any CPU
		{42E5596A-68B3-4739-890B-ECD2956709DA}.Debug|Any CPU.Build.0 = Debug|Any CPU
		{42E5596A-68B3-4739-890B-ECD2956709DA}.Release|Any CPU.ActiveCfg = Release|Any CPU
		{42E5596A-68B3-4739-890B-ECD2956709DA}.Release|Any CPU.Build.0 = Release|Any CPU
	EndGlobalSection
	GlobalSection(SolutionProperties) = preSolution
		HideSolutionNode = FALSE
	EndGlobalSection
	GlobalSection(ExtensibilityGlobals) = postSolution
		SolutionGuid = {FE0E9671-E4ED-4C65-ACA4-1E8E47CCE02E}
	EndGlobalSection
EndGlobal
